{
  "originHash" : "083113c6a9912908d4696bbc1b2bb964d1f2f91e57b697770fab587c6eb3f4e2",
  "pins" : [
    {
      "identity" : "bugsplat-apple",
      "kind" : "remoteSourceControl",
      "location" : "https://github.com/bugsplat-git/bugsplat-apple",
      "state" : {
        "revision" : "06459ebd948605b046eac9bdbd4a704d7ff1e2e2"
      }
    }
  ],
  "version" : 3
}
